// !$*UTF8*$!
{
	archiveVersion = 1;
	classes = {
	};
	objectVersion = 46;
	objects = {

/* Begin PBXBuildFile section */
		8F5309B11764123A2BE95EA3 /* libPods-multipractice.a in Frameworks */ = {isa = PBXBuildFile; fileRef = 69BB3D28C1DD34CF3C36E001 /* libPods-multipractice.a */; };
		A90B4ACD1F74BF3D00F89DC8 /* main.m in Sources */ = {isa = PBXBuildFile; fileRef = A90B4ACC1F74BF3D00F89DC8 /* main.m */; };
		A90B4AD01F74BF3D00F89DC8 /* AppDelegate.m in Sources */ = {isa = PBXBuildFile; fileRef = A90B4ACF1F74BF3D00F89DC8 /* AppDelegate.m */; };
		A90B4AD31F74BF3D00F89DC8 /* ViewController.m in Sources */ = {isa = PBXBuildFile; fileRef = A90B4AD21F74BF3D00F89DC8 /* ViewController.m */; };
		A90B4AD61F74BF3D00F89DC8 /* Main.storyboard in Resources */ = {isa = PBXBuildFile; fileRef = A90B4AD41F74BF3D00F89DC8 /* Main.storyboard */; };
		A90B4AD81F74BF3D00F89DC8 /* Assets.xcassets in Resources */ = {isa = PBXBuildFile; fileRef = A90B4AD71F74BF3D00F89DC8 /* Assets.xcassets */; };
		A90B4ADB1F74BF3D00F89DC8 /* LaunchScreen.storyboard in Resources */ = {isa = PBXBuildFile; fileRef = A90B4AD91F74BF3D00F89DC8 /* LaunchScreen.storyboard */; };
		A90B4AE61F74BF3D00F89DC8 /* multipracticeTests.m in Sources */ = {isa = PBXBuildFile; fileRef = A90B4AE51F74BF3D00F89DC8 /* multipracticeTests.m */; };
		A90B4AF11F74BF3D00F89DC8 /* multipracticeUITests.m in Sources */ = {isa = PBXBuildFile; fileRef = A90B4AF01F74BF3D00F89DC8 /* multipracticeUITests.m */; };
		A90B4AFF1F74EE2100F89DC8 /* xiao.jpg in Resources */ = {isa = PBXBuildFile; fileRef = A90B4AFE1F74EE2100F89DC8 /* xiao.jpg */; };
		A95385A12004B6D000E22B7C /* KJWebProgressLayer.m in Sources */ = {isa = PBXBuildFile; fileRef = A953859F2004B6D000E22B7C /* KJWebProgressLayer.m */; };
		A95385A42004B72300E22B7C /* NSTimer+addition.m in Sources */ = {isa = PBXBuildFile; fileRef = A95385A22004B72200E22B7C /* NSTimer+addition.m */; };
/* End PBXBuildFile section */

/* Begin PBXContainerItemProxy section */
		A90B4AE21F74BF3D00F89DC8 /* PBXContainerItemProxy */ = {
			isa = PBXContainerItemProxy;
			containerPortal = A90B4AC01F74BF3D00F89DC8 /* Project object */;
			proxyType = 1;
			remoteGlobalIDString = A90B4AC71F74BF3D00F89DC8;
			remoteInfo = multipractice;
		};
		A90B4AED1F74BF3D00F89DC8 /* PBXContainerItemProxy */ = {
			isa = PBXContainerItemProxy;
			containerPortal = A90B4AC01F74BF3D00F89DC8 /* Project object */;
			proxyType = 1;
			remoteGlobalIDString = A90B4AC71F74BF3D00F89DC8;
			remoteInfo = multipractice;
		};
/* End PBXContainerItemProxy section */

/* Begin PBXFileReference section */
		22A83C813DFA0E74060BB574 /* Pods-multipractice.debug.xcconfig */ = {isa = PBXFileReference; includeInIndex = 1; lastKnownFileType = text.xcconfig; name = "Pods-multipractice.debug.xcconfig"; path = "Pods/Target Support Files/Pods-multipractice/Pods-multipractice.debug.xcconfig"; sourceTree = "<group>"; };
		69BB3D28C1DD34CF3C36E001 /* libPods-multipractice.a */ = {isa = PBXFileReference; explicitFileType = archive.ar; includeInIndex = 0; path = "libPods-multipractice.a"; sourceTree = BUILT_PRODUCTS_DIR; };
		A90B4AC81F74BF3D00F89DC8 /* multipractice.app */ = {isa = PBXFileReference; explicitFileType = wrapper.application; includeInIndex = 0; path = multipractice.app; sourceTree = BUILT_PRODUCTS_DIR; };
		A90B4ACC1F74BF3D00F89DC8 /* main.m */ = {isa = PBXFileReference; lastKnownFileType = sourcecode.c.objc; path = main.m; sourceTree = "<group>"; };
		A90B4ACE1F74BF3D00F89DC8 /* AppDelegate.h */ = {isa = PBXFileReference; lastKnownFileType = sourcecode.c.h; path = AppDelegate.h; sourceTree = "<group>"; };
		A90B4ACF1F74BF3D00F89DC8 /* AppDelegate.m */ = {isa = PBXFileReference; lastKnownFileType = sourcecode.c.objc; path = AppDelegate.m; sourceTree = "<group>"; };
		A90B4AD11F74BF3D00F89DC8 /* ViewController.h */ = {isa = PBXFileReference; lastKnownFileType = sourcecode.c.h; path = ViewController.h; sourceTree = "<group>"; };
		A90B4AD21F74BF3D00F89DC8 /* ViewController.m */ = {isa = PBXFileReference; lastKnownFileType = sourcecode.c.objc; path = ViewController.m; sourceTree = "<group>"; };
		A90B4AD51F74BF3D00F89DC8 /* Base */ = {isa = PBXFileReference; lastKnownFileType = file.storyboard; name = Base; path = Base.lproj/Main.storyboard; sourceTree = "<group>"; };
		A90B4AD71F74BF3D00F89DC8 /* Assets.xcassets */ = {isa = PBXFileReference; lastKnownFileType = folder.assetcatalog; path = Assets.xcassets; sourceTree = "<group>"; };
		A90B4ADA1F74BF3D00F89DC8 /* Base */ = {isa = PBXFileReference; lastKnownFileType = file.storyboard; name = Base; path = Base.lproj/LaunchScreen.storyboard; sourceTree = "<group>"; };
		A90B4ADC1F74BF3D00F89DC8 /* Info.plist */ = {isa = PBXFileReference; lastKnownFileType = text.plist.xml; path = Info.plist; sourceTree = "<group>"; };
		A90B4AE11F74BF3D00F89DC8 /* multipracticeTests.xctest */ = {isa = PBXFileReference; explicitFileType = wrapper.cfbundle; includeInIndex = 0; path = multipracticeTests.xctest; sourceTree = BUILT_PRODUCTS_DIR; };
		A90B4AE51F74BF3D00F89DC8 /* multipracticeTests.m */ = {isa = PBXFileReference; lastKnownFileType = sourcecode.c.objc; path = multipracticeTests.m; sourceTree = "<group>"; };
		A90B4AE71F74BF3D00F89DC8 /* Info.plist */ = {isa = PBXFileReference; lastKnownFileType = text.plist.xml; path = Info.plist; sourceTree = "<group>"; };
		A90B4AEC1F74BF3D00F89DC8 /* multipracticeUITests.xctest */ = {isa = PBXFileReference; explicitFileType = wrapper.cfbundle; includeInIndex = 0; path = multipracticeUITests.xctest; sourceTree = BUILT_PRODUCTS_DIR; };
		A90B4AF01F74BF3D00F89DC8 /* multipracticeUITests.m */ = {isa = PBXFileReference; lastKnownFileType = sourcecode.c.objc; path = multipracticeUITests.m; sourceTree = "<group>"; };
		A90B4AF21F74BF3D00F89DC8 /* Info.plist */ = {isa = PBXFileReference; lastKnownFileType = text.plist.xml; path = Info.plist; sourceTree = "<group>"; };
		A90B4AFE1F74EE2100F89DC8 /* xiao.jpg */ = {isa = PBXFileReference; lastKnownFileType = image.jpeg; path = xiao.jpg; sourceTree = "<group>"; };
		A953859F2004B6D000E22B7C /* KJWebProgressLayer.m */ = {isa = PBXFileReference; lastKnownFileType = sourcecode.c.objc; path = KJWebProgressLayer.m; sourceTree = "<group>"; };
		A95385A02004B6D000E22B7C /* KJWebProgressLayer.h */ = {isa = PBXFileReference; lastKnownFileType = sourcecode.c.h; path = KJWebProgressLayer.h; sourceTree = "<group>"; };
		A95385A22004B72200E22B7C /* NSTimer+addition.m */ = {isa = PBXFileReference; lastKnownFileType = sourcecode.c.objc; path = "NSTimer+addition.m"; sourceTree = "<group>"; };
		A95385A32004B72300E22B7C /* NSTimer+addition.h */ = {isa = PBXFileReference; lastKnownFileType = sourcecode.c.h; path = "NSTimer+addition.h"; sourceTree = "<group>"; };
		B73F937D8EA212C64144324A /* Pods-multipractice.release.xcconfig */ = {isa = PBXFileReference; includeInIndex = 1; lastKnownFileType = text.xcconfig; name = "Pods-multipractice.release.xcconfig"; path = "Pods/Target Support Files/Pods-multipractice/Pods-multipractice.release.xcconfig"; sourceTree = "<group>"; };
/* End PBXFileReference section */

/* Begin PBXFrameworksBuildPhase section */
		A90B4AC51F74BF3D00F89DC8 /* Frameworks */ = {
			isa = PBXFrameworksBuildPhase;
			buildActionMask = 2147483647;
			files = (
				8F5309B11764123A2BE95EA3 /* libPods-multipractice.a in Frameworks */,
			);
			runOnlyForDeploymentPostprocessing = 0;
		};
		A90B4ADE1F74BF3D00F89DC8 /* Frameworks */ = {
			isa = PBXFrameworksBuildPhase;
			buildActionMask = 2147483647;
			files = (
			);
			runOnlyForDeploymentPostprocessing = 0;
		};
		A90B4AE91F74BF3D00F89DC8 /* Frameworks */ = {
			isa = PBXFrameworksBuildPhase;
			buildActionMask = 2147483647;
			files = (
			);
			runOnlyForDeploymentPostprocessing = 0;
		};
/* End PBXFrameworksBuildPhase section */

/* Begin PBXGroup section */
		283D59E9DCCFDF04B10A1D08 /* Pods */ = {
			isa = PBXGroup;
			children = (
				22A83C813DFA0E74060BB574 /* Pods-multipractice.debug.xcconfig */,
				B73F937D8EA212C64144324A /* Pods-multipractice.release.xcconfig */,
			);
			name = Pods;
			sourceTree = "<group>";
		};
		80E347625A690A9BA4862AC1 /* Frameworks */ = {
			isa = PBXGroup;
			children = (
				69BB3D28C1DD34CF3C36E001 /* libPods-multipractice.a */,
			);
			name = Frameworks;
			sourceTree = "<group>";
		};
		A90B4ABF1F74BF3D00F89DC8 = {
			isa = PBXGroup;
			children = (
				A998D9731FCBB8C000E67D33 /* 封装view */,
				A90B4ACA1F74BF3D00F89DC8 /* multipractice */,
				A90B4AE41F74BF3D00F89DC8 /* multipracticeTests */,
				A90B4AEF1F74BF3D00F89DC8 /* multipracticeUITests */,
				A90B4AC91F74BF3D00F89DC8 /* Products */,
				283D59E9DCCFDF04B10A1D08 /* Pods */,
				80E347625A690A9BA4862AC1 /* Frameworks */,
			);
			sourceTree = "<group>";
		};
		A90B4AC91F74BF3D00F89DC8 /* Products */ = {
			isa = PBXGroup;
			children = (
				A90B4AC81F74BF3D00F89DC8 /* multipractice.app */,
				A90B4AE11F74BF3D00F89DC8 /* multipracticeTests.xctest */,
				A90B4AEC1F74BF3D00F89DC8 /* multipracticeUITests.xctest */,
			);
			name = Products;
			sourceTree = "<group>";
		};
		A90B4ACA1F74BF3D00F89DC8 /* multipractice */ = {
			isa = PBXGroup;
			children = (
				A95385A32004B72300E22B7C /* NSTimer+addition.h */,
				A95385A22004B72200E22B7C /* NSTimer+addition.m */,
				A95385A02004B6D000E22B7C /* KJWebProgressLayer.h */,
				A953859F2004B6D000E22B7C /* KJWebProgressLayer.m */,
				A90B4AFE1F74EE2100F89DC8 /* xiao.jpg */,
				A90B4ACE1F74BF3D00F89DC8 /* AppDelegate.h */,
				A90B4ACF1F74BF3D00F89DC8 /* AppDelegate.m */,
				A90B4AD11F74BF3D00F89DC8 /* ViewController.h */,
				A90B4AD21F74BF3D00F89DC8 /* ViewController.m */,
				A90B4AD41F74BF3D00F89DC8 /* Main.storyboard */,
				A90B4AD71F74BF3D00F89DC8 /* Assets.xcassets */,
				A90B4AD91F74BF3D00F89DC8 /* LaunchScreen.storyboard */,
				A90B4ADC1F74BF3D00F89DC8 /* Info.plist */,
				A90B4ACB1F74BF3D00F89DC8 /* Supporting Files */,
			);
			path = multipractice;
			sourceTree = "<group>";
		};
		A90B4ACB1F74BF3D00F89DC8 /* Supporting Files */ = {
			isa = PBXGroup;
			children = (
				A90B4ACC1F74BF3D00F89DC8 /* main.m */,
			);
			name = "Supporting Files";
			sourceTree = "<group>";
		};
		A90B4AE41F74BF3D00F89DC8 /* multipracticeTests */ = {
			isa = PBXGroup;
			children = (
				A90B4AE51F74BF3D00F89DC8 /* multipracticeTests.m */,
				A90B4AE71F74BF3D00F89DC8 /* Info.plist */,
			);
			path = multipracticeTests;
			sourceTree = "<group>";
		};
		A90B4AEF1F74BF3D00F89DC8 /* multipracticeUITests */ = {
			isa = PBXGroup;
			children = (
				A90B4AF01F74BF3D00F89DC8 /* multipracticeUITests.m */,
				A90B4AF21F74BF3D00F89DC8 /* Info.plist */,
			);
			path = multipracticeUITests;
			sourceTree = "<group>";
		};
		A998D9731FCBB8C000E67D33 /* 封装view */ = {
			isa = PBXGroup;
			children = (
			);
			path = "封装view";
			sourceTree = "<group>";
		};
/* End PBXGroup section */

/* Begin PBXNativeTarget section */
		A90B4AC71F74BF3D00F89DC8 /* multipractice */ = {
			isa = PBXNativeTarget;
			buildConfigurationList = A90B4AF51F74BF3D00F89DC8 /* Build configuration list for PBXNativeTarget "multipractice" */;
			buildPhases = (
				60DA73147279CB44DC520BA0 /* [CP] Check Pods Manifest.lock */,
				A90B4AC41F74BF3D00F89DC8 /* Sources */,
				A90B4AC51F74BF3D00F89DC8 /* Frameworks */,
				A90B4AC61F74BF3D00F89DC8 /* Resources */,
				108D74FD36F3EF7501FF4E72 /* [CP] Embed Pods Frameworks */,
				277BC586155B52F651207BC8 /* [CP] Copy Pods Resources */,
			);
			buildRules = (
			);
			dependencies = (
			);
			name = multipractice;
			productName = multipractice;
			productReference = A90B4AC81F74BF3D00F89DC8 /* multipractice.app */;
			productType = "com.apple.product-type.application";
		};
		A90B4AE01F74BF3D00F89DC8 /* multipracticeTests */ = {
			isa = PBXNativeTarget;
			buildConfigurationList = A90B4AF81F74BF3D00F89DC8 /* Build configuration list for PBXNativeTarget "multipracticeTests" */;
			buildPhases = (
				A90B4ADD1F74BF3D00F89DC8 /* Sources */,
				A90B4ADE1F74BF3D00F89DC8 /* Frameworks */,
				A90B4ADF1F74BF3D00F89DC8 /* Resources */,
			);
			buildRules = (
			);
			dependencies = (
				A90B4AE31F74BF3D00F89DC8 /* PBXTargetDependency */,
			);
			name = multipracticeTests;
			productName = multipracticeTests;
			productReference = A90B4AE11F74BF3D00F89DC8 /* multipracticeTests.xctest */;
			productType = "com.apple.product-type.bundle.unit-test";
		};
		A90B4AEB1F74BF3D00F89DC8 /* multipracticeUITests */ = {
			isa = PBXNativeTarget;
			buildConfigurationList = A90B4AFB1F74BF3D00F89DC8 /* Build configuration list for PBXNativeTarget "multipracticeUITests" */;
			buildPhases = (
				A90B4AE81F74BF3D00F89DC8 /* Sources */,
				A90B4AE91F74BF3D00F89DC8 /* Frameworks */,
				A90B4AEA1F74BF3D00F89DC8 /* Resources */,
			);
			buildRules = (
			);
			dependencies = (
				A90B4AEE1F74BF3D00F89DC8 /* PBXTargetDependency */,
			);
			name = multipracticeUITests;
			productName = multipracticeUITests;
			productReference = A90B4AEC1F74BF3D00F89DC8 /* multipracticeUITests.xctest */;
			productType = "com.apple.product-type.bundle.ui-testing";
		};
/* End PBXNativeTarget section */

/* Begin PBXProject section */
		A90B4AC01F74BF3D00F89DC8 /* Project object */ = {
			isa = PBXProject;
			attributes = {
				LastUpgradeCheck = 0830;
				ORGANIZATIONNAME = "development team";
				TargetAttributes = {
					A90B4AC71F74BF3D00F89DC8 = {
						CreatedOnToolsVersion = 8.3.3;
						DevelopmentTeam = CNZ9SL97D6;
						ProvisioningStyle = Automatic;
					};
					A90B4AE01F74BF3D00F89DC8 = {
						CreatedOnToolsVersion = 8.3.3;
						DevelopmentTeam = CNZ9SL97D6;
						ProvisioningStyle = Automatic;
						TestTargetID = A90B4AC71F74BF3D00F89DC8;
					};
					A90B4AEB1F74BF3D00F89DC8 = {
						CreatedOnToolsVersion = 8.3.3;
						DevelopmentTeam = CNZ9SL97D6;
						ProvisioningStyle = Automatic;
						TestTargetID = A90B4AC71F74BF3D00F89DC8;
					};
				};
			};
			buildConfigurationList = A90B4AC31F74BF3D00F89DC8 /* Build configuration list for PBXProject "multipractice" */;
			compatibilityVersion = "Xcode 3.2";
			developmentRegion = English;
			hasScannedForEncodings = 0;
			knownRegions = (
				en,
				Base,
			);
			mainGroup = A90B4ABF1F74BF3D00F89DC8;
			productRefGroup = A90B4AC91F74BF3D00F89DC8 /* Products */;
			projectDirPath = "";
			projectRoot = "";
			targets = (
				A90B4AC71F74BF3D00F89DC8 /* multipractice */,
				A90B4AE01F74BF3D00F89DC8 /* multipracticeTests */,
				A90B4AEB1F74BF3D00F89DC8 /* multipracticeUITests */,
			);
		};
/* End PBXProject section */

/* Begin PBXResourcesBuildPhase section */
		A90B4AC61F74BF3D00F89DC8 /* Resources */ = {
			isa = PBXResourcesBuildPhase;
			buildActionMask = 2147483647;
			files = (
				A90B4AFF1F74EE2100F89DC8 /* xiao.jpg in Resources */,
				A90B4ADB1F74BF3D00F89DC8 /* LaunchScreen.storyboard in Resources */,
				A90B4AD81F74BF3D00F89DC8 /* Assets.xcassets in Resources */,
				A90B4AD61F74BF3D00F89DC8 /* Main.storyboard in Resources */,
			);
			runOnlyForDeploymentPostprocessing = 0;
		};
		A90B4ADF1F74BF3D00F89DC8 /* Resources */ = {
			isa = PBXResourcesBuildPhase;
			buildActionMask = 2147483647;
			files = (
			);
			runOnlyForDeploymentPostprocessing = 0;
		};
		A90B4AEA1F74BF3D00F89DC8 /* Resources */ = {
			isa = PBXResourcesBuildPhase;
			buildActionMask = 2147483647;
			files = (
			);
			runOnlyForDeploymentPostprocessing = 0;
		};
/* End PBXResourcesBuildPhase section */

/* Begin PBXShellScriptBuildPhase section */
		108D74FD36F3EF7501FF4E72 /* [CP] Embed Pods Frameworks */ = {
			isa = PBXShellScriptBuildPhase;
			buildActionMask = 2147483647;
			files = (
			);
			inputPaths = (
			);
			name = "[CP] Embed Pods Frameworks";
			outputPaths = (
			);
			runOnlyForDeploymentPostprocessing = 0;
			shellPath = /bin/sh;
			shellScript = "\"${SRCROOT}/Pods/Target Support Files/Pods-multipractice/Pods-multipractice-frameworks.sh\"\n";
			showEnvVarsInLog = 0;
		};
		277BC586155B52F651207BC8 /* [CP] Copy Pods Resources */ = {
			isa = PBXShellScriptBuildPhase;
			buildActionMask = 2147483647;
			files = (
			);
			inputPaths = (
				"${SRCROOT}/Pods/Target Support Files/Pods-multipractice/Pods-multipractice-resources.sh",
				"${PODS_ROOT}/UMengUShare/UShareSDK/UMSocialSDK/UMSocialSDKPromptResources.bundle",
				"${PODS_ROOT}/UMengUShare/UShareSDK/SocialLibraries/QQ/QQSDK/TencentOpenApi_IOS_Bundle.bundle",
				"${PODS_ROOT}/UMengUShare/UShareSDK/UMSocialUI/UMSocialSDKResources.bundle",
			);
			name = "[CP] Copy Pods Resources";
			outputPaths = (
				"${TARGET_BUILD_DIR}/${UNLOCALIZED_RESOURCES_FOLDER_PATH}",
			);
			runOnlyForDeploymentPostprocessing = 0;
			shellPath = /bin/sh;
			shellScript = "\"${SRCROOT}/Pods/Target Support Files/Pods-multipractice/Pods-multipractice-resources.sh\"\n";
			showEnvVarsInLog = 0;
		};
		60DA73147279CB44DC520BA0 /* [CP] Check Pods Manifest.lock */ = {
			isa = PBXShellScriptBuildPhase;
			buildActionMask = 2147483647;
			files = (
			);
			inputPaths = (
				"${PODS_PODFILE_DIR_PATH}/Podfile.lock",
				"${PODS_ROOT}/Manifest.lock",
			);
			name = "[CP] Check Pods Manifest.lock";
			outputPaths = (
				"$(DERIVED_FILE_DIR)/Pods-multipractice-checkManifestLockResult.txt",
			);
			runOnlyForDeploymentPostprocessing = 0;
			shellPath = /bin/sh;
			shellScript = "diff \"${PODS_PODFILE_DIR_PATH}/Podfile.lock\" \"${PODS_ROOT}/Manifest.lock\" > /dev/null\nif [ $? != 0 ] ; then\n    # print error to STDERR\n    echo \"error: The sandbox is not in sync with the Podfile.lock. Run 'pod install' or update your CocoaPods installation.\" >&2\n    exit 1\nfi\n# This output is used by Xcode 'outputs' to avoid re-running this script phase.\necho \"SUCCESS\" > \"${SCRIPT_OUTPUT_FILE_0}\"\n";
			showEnvVarsInLog = 0;
		};
/* End PBXShellScriptBuildPhase section */

/* Begin PBXSourcesBuildPhase section */
		A90B4AC41F74BF3D00F89DC8 /* Sources */ = {
			isa = PBXSourcesBuildPhase;
			buildActionMask = 2147483647;
			files = (
				A95385A12004B6D000E22B7C /* KJWebProgressLayer.m in Sources */,
				A90B4AD31F74BF3D00F89DC8 /* ViewController.m in Sources */,
				A90B4AD01F74BF3D00F89DC8 /* AppDelegate.m in Sources */,
				A90B4ACD1F74BF3D00F89DC8 /* main.m in Sources */,
				A95385A42004B72300E22B7C /* NSTimer+addition.m in Sources */,
			);
			runOnlyForDeploymentPostprocessing = 0;
		};
		A90B4ADD1F74BF3D00F89DC8 /* Sources */ = {
			isa = PBXSourcesBuildPhase;
			buildActionMask = 2147483647;
			files = (
				A90B4AE61F74BF3D00F89DC8 /* multipracticeTests.m in Sources */,
			);
			runOnlyForDeploymentPostprocessing = 0;
		};
		A90B4AE81F74BF3D00F89DC8 /* Sources */ = {
			isa = PBXSourcesBuildPhase;
			buildActionMask = 2147483647;
			files = (
				A90B4AF11F74BF3D00F89DC8 /* multipracticeUITests.m in Sources */,
			);
			runOnlyForDeploymentPostprocessing = 0;
		};
/* End PBXSourcesBuildPhase section */

/* Begin PBXTargetDependency section */
		A90B4AE31F74BF3D00F89DC8 /* PBXTargetDependency */ = {
			isa = PBXTargetDependency;
			target = A90B4AC71F74BF3D00F89DC8 /* multipractice */;
			targetProxy = A90B4AE21F74BF3D00F89DC8 /* PBXContainerItemProxy */;
		};
		A90B4AEE1F74BF3D00F89DC8 /* PBXTargetDependency */ = {
			isa = PBXTargetDependency;
			target = A90B4AC71F74BF3D00F89DC8 /* multipractice */;
			targetProxy = A90B4AED1F74BF3D00F89DC8 /* PBXContainerItemProxy */;
		};
/* End PBXTargetDependency section */

/* Begin PBXVariantGroup section */
		A90B4AD41F74BF3D00F89DC8 /* Main.storyboard */ = {
			isa = PBXVariantGroup;
			children = (
				A90B4AD51F74BF3D00F89DC8 /* Base */,
			);
			name = Main.storyboard;
			sourceTree = "<group>";
		};
		A90B4AD91F74BF3D00F89DC8 /* LaunchScreen.storyboard */ = {
			isa = PBXVariantGroup;
			children = (
				A90B4ADA1F74BF3D00F89DC8 /* Base */,
			);
			name = LaunchScreen.storyboard;
			sourceTree = "<group>";
		};
/* End PBXVariantGroup section */

/* Begin XCBuildConfiguration section */
		A90B4AF31F74BF3D00F89DC8 /* Debug */ = {
			isa = XCBuildConfiguration;
			buildSettings = {
				ALWAYS_SEARCH_USER_PATHS = NO;
				CLANG_ANALYZER_NONNULL = YES;
				CLANG_ANALYZER_NUMBER_OBJECT_CONVERSION = YES_AGGRESSIVE;
				CLANG_CXX_LANGUAGE_STANDARD = "gnu++0x";
				CLANG_CXX_LIBRARY = "libc++";
				CLANG_ENABLE_MODULES = YES;
				CLANG_ENABLE_OBJC_ARC = YES;
				CLANG_WARN_BOOL_CONVERSION = YES;
				CLANG_WARN_CONSTANT_CONVERSION = YES;
				CLANG_WARN_DIRECT_OBJC_ISA_USAGE = YES_ERROR;
				CLANG_WARN_DOCUMENTATION_COMMENTS = YES;
				CLANG_WARN_EMPTY_BODY = YES;
				CLANG_WARN_ENUM_CONVERSION = YES;
				CLANG_WARN_INFINITE_RECURSION = YES;
				CLANG_WARN_INT_CONVERSION = YES;
				CLANG_WARN_OBJC_ROOT_CLASS = YES_ERROR;
				CLANG_WARN_SUSPICIOUS_MOVE = YES;
				CLANG_WARN_UNREACHABLE_CODE = YES;
				CLANG_WARN__DUPLICATE_METHOD_MATCH = YES;
				"CODE_SIGN_IDENTITY[sdk=iphoneos*]" = "iPhone Developer";
				COPY_PHASE_STRIP = NO;
				DEBUG_INFORMATION_FORMAT = dwarf;
				ENABLE_STRICT_OBJC_MSGSEND = YES;
				ENABLE_TESTABILITY = YES;
				GCC_C_LANGUAGE_STANDARD = gnu99;
				GCC_DYNAMIC_NO_PIC = NO;
				GCC_NO_COMMON_BLOCKS = YES;
				GCC_OPTIMIZATION_LEVEL = 0;
				GCC_PREPROCESSOR_DEFINITIONS = (
					"DEBUG=1",
					"$(inherited)",
				);
				GCC_WARN_64_TO_32_BIT_CONVERSION = YES;
				GCC_WARN_ABOUT_RETURN_TYPE = YES_ERROR;
				GCC_WARN_UNDECLARED_SELECTOR = YES;
				GCC_WARN_UNINITIALIZED_AUTOS = YES_AGGRESSIVE;
				GCC_WARN_UNUSED_FUNCTION = YES;
				GCC_WARN_UNUSED_VARIABLE = YES;
				IPHONEOS_DEPLOYMENT_TARGET = 10.3;
				MTL_ENABLE_DEBUG_INFO = YES;
				ONLY_ACTIVE_ARCH = YES;
				SDKROOT = iphoneos;
				TARGETED_DEVICE_FAMILY = "1,2";
			};
			name = Debug;
		};
		A90B4AF41F74BF3D00F89DC8 /* Release */ = {
			isa = XCBuildConfiguration;
			buildSettings = {
				ALWAYS_SEARCH_USER_PATHS = NO;
				CLANG_ANALYZER_NONNULL = YES;
				CLANG_ANALYZER_NUMBER_OBJECT_CONVERSION = YES_AGGRESSIVE;
				CLANG_CXX_LANGUAGE_STANDARD = "gnu++0x";
				CLANG_CXX_LIBRARY = "libc++";
				CLANG_ENABLE_MODULES = YES;
				CLANG_ENABLE_OBJC_ARC = YES;
				CLANG_WARN_BOOL_CONVERSION = YES;
				CLANG_WARN_CONSTANT_CONVERSION = YES;
				CLANG_WARN_DIRECT_OBJC_ISA_USAGE = YES_ERROR;
				CLANG_WARN_DOCUMENTATION_COMMENTS = YES;
				CLANG_WARN_EMPTY_BODY = YES;
				CLANG_WARN_ENUM_CONVERSION = YES;
				CLANG_WARN_INFINITE_RECURSION = YES;
				CLANG_WARN_INT_CONVERSION = YES;
				CLANG_WARN_OBJC_ROOT_CLASS = YES_ERROR;
				CLANG_WARN_SUSPICIOUS_MOVE = YES;
				CLANG_WARN_UNREACHABLE_CODE = YES;
				CLANG_WARN__DUPLICATE_METHOD_MATCH = YES;
				"CODE_SIGN_IDENTITY[sdk=iphoneos*]" = "iPhone Developer";
				COPY_PHASE_STRIP = NO;
				DEBUG_INFORMATION_FORMAT = "dwarf-with-dsym";
				ENABLE_NS_ASSERTIONS = NO;
				ENABLE_STRICT_OBJC_MSGSEND = YES;
				GCC_C_LANGUAGE_STANDARD = gnu99;
				GCC_NO_COMMON_BLOCKS = YES;
				GCC_WARN_64_TO_32_BIT_CONVERSION = YES;
				GCC_WARN_ABOUT_RETURN_TYPE = YES_ERROR;
				GCC_WARN_UNDECLARED_SELECTOR = YES;
				GCC_WARN_UNINITIALIZED_AUTOS = YES_AGGRESSIVE;
				GCC_WARN_UNUSED_FUNCTION = YES;
				GCC_WARN_UNUSED_VARIABLE = YES;
				IPHONEOS_DEPLOYMENT_TARGET = 10.3;
				MTL_ENABLE_DEBUG_INFO = NO;
				SDKROOT = iphoneos;
				TARGETED_DEVICE_FAMILY = "1,2";
				VALIDATE_PRODUCT = YES;
			};
			name = Release;
		};
		A90B4AF61F74BF3D00F89DC8 /* Debug */ = {
			isa = XCBuildConfiguration;
			baseConfigurationReference = 22A83C813DFA0E74060BB574 /* Pods-multipractice.debug.xcconfig */;
			buildSettings = {
				ASSETCATALOG_COMPILER_APPICON_NAME = AppIcon;
				DEVELOPMENT_TEAM = CNZ9SL97D6;
				INFOPLIST_FILE = multipractice/Info.plist;
				LD_RUNPATH_SEARCH_PATHS = "$(inherited) @executable_path/Frameworks";
				PRODUCT_BUNDLE_IDENTIFIER = se.com.company.multipractice;
				PRODUCT_NAME = "$(TARGET_NAME)";
			};
			name = Debug;
		};
		A90B4AF71F74BF3D00F89DC8 /* Release */ = {
			isa = XCBuildConfiguration;
			baseConfigurationReference = B73F937D8EA212C64144324A /* Pods-multipractice.release.xcconfig */;
			buildSettings = {
				ASSETCATALOG_COMPILER_APPICON_NAME = AppIcon;
				DEVELOPMENT_TEAM = CNZ9SL97D6;
				INFOPLIST_FILE = multipractice/Info.plist;
				LD_RUNPATH_SEARCH_PATHS = "$(inherited) @executable_path/Frameworks";
				PRODUCT_BUNDLE_IDENTIFIER = se.com.company.multipractice;
				PRODUCT_NAME = "$(TARGET_NAME)";
			};
			name = Release;
		};
		A90B4AF91F74BF3D00F89DC8 /* Debug */ = {
			isa = XCBuildConfiguration;
			buildSettings = {
				BUNDLE_LOADER = "$(TEST_HOST)";
				DEVELOPMENT_TEAM = CNZ9SL97D6;
				INFOPLIST_FILE = multipracticeTests/Info.plist;
				LD_RUNPATH_SEARCH_PATHS = "$(inherited) @executable_path/Frameworks @loader_path/Frameworks";
				PRODUCT_BUNDLE_IDENTIFIER = se.com.company.multipracticeTests;
				PRODUCT_NAME = "$(TARGET_NAME)";
				TEST_HOST = "$(BUILT_PRODUCTS_DIR)/multipractice.app/multipractice";
			};
			name = Debug;
		};
		A90B4AFA1F74BF3D00F89DC8 /* Release */ = {
			isa = XCBuildConfiguration;
			buildSettings = {
				BUNDLE_LOADER = "$(TEST_HOST)";
				DEVELOPMENT_TEAM = CNZ9SL97D6;
				INFOPLIST_FILE = multipracticeTests/Info.plist;
				LD_RUNPATH_SEARCH_PATHS = "$(inherited) @executable_path/Frameworks @loader_path/Frameworks";
				PRODUCT_BUNDLE_IDENTIFIER = se.com.company.multipracticeTests;
				PRODUCT_NAME = "$(TARGET_NAME)";
				TEST_HOST = "$(BUILT_PRODUCTS_DIR)/multipractice.app/multipractice";
			};
			name = Release;
		};
		A90B4AFC1F74BF3D00F89DC8 /* Debug */ = {
			isa = XCBuildConfiguration;
			buildSettings = {
				DEVELOPMENT_TEAM = CNZ9SL97D6;
				INFOPLIST_FILE = multipracticeUITests/Info.plist;
				LD_RUNPATH_SEARCH_PATHS = "$(inherited) @executable_path/Frameworks @loader_path/Frameworks";
				PRODUCT_BUNDLE_IDENTIFIER = se.com.company.multipracticeUITests;
				PRODUCT_NAME = "$(TARGET_NAME)";
				TEST_TARGET_NAME = multipractice;
			};
			name = Debug;
		};
		A90B4AFD1F74BF3D00F89DC8 /* Release */ = {
			isa = XCBuildConfiguration;
			buildSettings = {
				DEVELOPMENT_TEAM = CNZ9SL97D6;
				INFOPLIST_FILE = multipracticeUITests/Info.plist;
				LD_RUNPATH_SEARCH_PATHS = "$(inherited) @executable_path/Frameworks @loader_path/Frameworks";
				PRODUCT_BUNDLE_IDENTIFIER = se.com.company.multipracticeUITests;
				PRODUCT_NAME = "$(TARGET_NAME)";
				TEST_TARGET_NAME = multipractice;
			};
			name = Release;
		};
/* End XCBuildConfiguration section */

/* Begin XCConfigurationList section */
		A90B4AC31F74BF3D00F89DC8 /* Build configuration list for PBXProject "multipractice" */ = {
			isa = XCConfigurationList;
			buildConfigurations = (
				A90B4AF31F74BF3D00F89DC8 /* Debug */,
				A90B4AF41F74BF3D00F89DC8 /* Release */,
			);
			defaultConfigurationIsVisible = 0;
			defaultConfigurationName = Release;
		};
		A90B4AF51F74BF3D00F89DC8 /* Build configuration list for PBXNativeTarget "multipractice" */ = {
			isa = XCConfigurationList;
			buildConfigurations = (
				A90B4AF61F74BF3D00F89DC8 /* Debug */,
				A90B4AF71F74BF3D00F89DC8 /* Release */,
			);
			defaultConfigurationIsVisible = 0;
			defaultConfigurationName = Release;
		};
		A90B4AF81F74BF3D00F89DC8 /* Build configuration list for PBXNativeTarget "multipracticeTests" */ = {
			isa = XCConfigurationList;
			buildConfigurations = (
				A90B4AF91F74BF3D00F89DC8 /* Debug */,
				A90B4AFA1F74BF3D00F89DC8 /* Release */,
			);
			defaultConfigurationIsVisible = 0;
			defaultConfigurationName = Release;
		};
		A90B4AFB1F74BF3D00F89DC8 /* Build configuration list for PBXNativeTarget "multipracticeUITests" */ = {
			isa = XCConfigurationList;
			buildConfigurations = (
				A90B4AFC1F74BF3D00F89DC8 /* Debug */,
				A90B4AFD1F74BF3D00F89DC8 /* Release */,
			);
			defaultConfigurationIsVisible = 0;
			defaultConfigurationName = Release;
		};
/* End XCConfigurationList section */
	};
	rootObject = A90B4AC01F74BF3D00F89DC8 /* Project object */;
}
